
Microsoft Visual Studio Solution File, Format Version 11.00
# Visual Studio 2010
Project("{FAE04EC0-301F-11D3-BF4B-00C04F79EFBC}") = "JavaScriptAnalyzer", "JavaScriptAnalyzer\JavaScriptAnalyzer.csproj", "{D0F654B4-2BAE-4FEE-87CB-62DFB0106DDD}"
EndProject
Project("{FAE04EC0-301F-11D3-BF4B-00C04F79EFBC}") = "JavaScriptTranslatorActivities", "JavaScriptTranslatorActivities\JavaScriptTranslatorActivities.csproj", "{BF777CC4-DCBD-4401-B483-7B47B5BA0969}"
EndProject
Global
	GlobalSection(SolutionConfigurationPlatforms) = preSolution
		Debug|Any CPU = Debug|Any CPU
		Debug|Mixed Platforms = Debug|Mixed Platforms
		Debug|x86 = Debug|x86
		Release|Any CPU = Release|Any CPU
		Release|Mixed Platforms = Release|Mixed Platforms
		Release|x86 = Release|x86
	EndGlobalSection
	GlobalSection(ProjectConfigurationPlatforms) = postSolution
		{D0F654B4-2BAE-4FEE-87CB-62DFB0106DDD}.Debug|Any CPU.ActiveCfg = Debug|x86
		{D0F654B4-2BAE-4FEE-87CB-62DFB0106DDD}.Debug|Any CPU.Build.0 = Debug|x86
		{D0F654B4-2BAE-4FEE-87CB-62DFB0106DDD}.Debug|Mixed Platforms.ActiveCfg = Debug|x86
		{D0F654B4-2BAE-4FEE-87CB-62DFB0106DDD}.Debug|Mixed Platforms.Build.0 = Debug|x86
		{D0F654B4-2BAE-4FEE-87CB-62DFB0106DDD}.Debug|x86.ActiveCfg = Debug|x86
		{D0F654B4-2BAE-4FEE-87CB-62DFB0106DDD}.Debug|x86.Build.0 = Debug|x86
		{D0F654B4-2BAE-4FEE-87CB-62DFB0106DDD}.Release|Any CPU.ActiveCfg = Release|x86
		{D0F654B4-2BAE-4FEE-87CB-62DFB0106DDD}.Release|Mixed Platforms.ActiveCfg = Release|x86
		{D0F654B4-2BAE-4FEE-87CB-62DFB0106DDD}.Release|Mixed Platforms.Build.0 = Release|x86
		{D0F654B4-2BAE-4FEE-87CB-62DFB0106DDD}.Release|x86.ActiveCfg = Release|x86
		{D0F654B4-2BAE-4FEE-87CB-62DFB0106DDD}.Release|x86.Build.0 = Release|x86
		{BF777CC4-DCBD-4401-B483-7B47B5BA0969}.Debug|Any CPU.ActiveCfg = Debug|Any CPU
		{BF777CC4-DCBD-4401-B483-7B47B5BA0969}.Debug|Any CPU.Build.0 = Debug|Any CPU
		{BF777CC4-DCBD-4401-B483-7B47B5BA0969}.Debug|Mixed Platforms.ActiveCfg = Debug|Any CPU
		{BF777CC4-DCBD-4401-B483-7B47B5BA0969}.Debug|Mixed Platforms.Build.0 = Debug|Any CPU
		{BF777CC4-DCBD-4401-B483-7B47B5BA0969}.Debug|x86.ActiveCfg = Debug|Any CPU
		{BF777CC4-DCBD-4401-B483-7B47B5BA0969}.Release|Any CPU.ActiveCfg = Release|Any CPU
		{BF777CC4-DCBD-4401-B483-7B47B5BA0969}.Release|Any CPU.Build.0 = Release|Any CPU
		{BF777CC4-DCBD-4401-B483-7B47B5BA0969}.Release|Mixed Platforms.ActiveCfg = Release|Any CPU
		{BF777CC4-DCBD-4401-B483-7B47B5BA0969}.Release|Mixed Platforms.Build.0 = Release|Any CPU
		{BF777CC4-DCBD-4401-B483-7B47B5BA0969}.Release|x86.ActiveCfg = Release|Any CPU
	EndGlobalSection
	GlobalSection(SolutionProperties) = preSolution
		HideSolutionNode = FALSE
	EndGlobalSection
EndGlobal
